
Microsoft Visual Studio Solution File, Format Version 12.00
# Visual Studio Version 17
VisualStudioVersion = 17.4.33110.190
MinimumVisualStudioVersion = 10.0.40219.1
Project("{FAE04EC0-301F-11D3-BF4B-00C04F79EFBC}") = "Licnost", "Licnost\Licnost.csproj", "{C2772FD6-648A-4C6B-9F63-083471DC4F02}"
EndProject
Global
	GlobalSection(SolutionConfigurationPlatforms) = preSolution
		Debug|Any CPU = Debug|Any CPU
		Release|Any CPU = Release|Any CPU
	EndGlobalSection
	GlobalSection(ProjectConfigurationPlatforms) = postSolution
		{C2772FD6-648A-4C6B-9F63-083471DC4F02}.Debug|Any CPU.ActiveCfg = Debug|Any CPU
		{C2772FD6-648A-4C6B-9F63-083471DC4F02}.Debug|Any CPU.Build.0 = Debug|Any CPU
		{C2772FD6-648A-4C6B-9F63-083471DC4F02}.Release|Any CPU.ActiveCfg = Release|Any CPU
		{C2772FD6-648A-4C6B-9F63-083471DC4F02}.Release|Any CPU.Build.0 = Release|Any CPU
	EndGlobalSection
	GlobalSection(SolutionProperties) = preSolution
		HideSolutionNode = FALSE
	EndGlobalSection
	GlobalSection(ExtensibilityGlobals) = postSolution
		SolutionGuid = {C3387EBF-FCA3-4930-B40D-5A59B326D292}
	EndGlobalSection
EndGlobal
